# This file is automatically @generated by Wally.
# It is not intended for manual editing.
registry = "test"

[[package]]
name = "bigfootpp/lucid"
version = "0.2.1"
dependencies = [["TableUtil", "sleitnick/table-util@1.2.1"]]

[[package]]
name = "sleitnick/table-util"
version = "1.2.1"
dependencies = []
